
Microsoft Visual Studio Solution File, Format Version 12.00
# Visual Studio Version 16
VisualStudioVersion = 16.0.31025.194
MinimumVisualStudioVersion = 10.0.40219.1
Project("{9A19103F-16F7-4668-BE54-9A1E7A4F7556}") = "C9-NCG-DiscordBot", "C9-NCG-DiscordBot.csproj", "{AC36173E-85C7-4C44-93E1-EC78D0EFCBD1}"
EndProject
Project("{2150E333-8FDC-42A3-9474-1A3956D46DE8}") = "Solution Items", "Solution Items", "{E8CC7A0C-2DDC-4226-B100-0F72ADBD1D4D}"
EndProject
Global
	GlobalSection(SolutionConfigurationPlatforms) = preSolution
		Debug|Any CPU = Debug|Any CPU
		Release|Any CPU = Release|Any CPU
	EndGlobalSection
	GlobalSection(ProjectConfigurationPlatforms) = postSolution
		{AC36173E-85C7-4C44-93E1-EC78D0EFCBD1}.Debug|Any CPU.ActiveCfg = Debug|Any CPU
		{AC36173E-85C7-4C44-93E1-EC78D0EFCBD1}.Debug|Any CPU.Build.0 = Debug|Any CPU
		{AC36173E-85C7-4C44-93E1-EC78D0EFCBD1}.Release|Any CPU.ActiveCfg = Release|Any CPU
		{AC36173E-85C7-4C44-93E1-EC78D0EFCBD1}.Release|Any CPU.Build.0 = Release|Any CPU
	EndGlobalSection
	GlobalSection(SolutionProperties) = preSolution
		HideSolutionNode = FALSE
	EndGlobalSection
	GlobalSection(ExtensibilityGlobals) = postSolution
		SolutionGuid = {DE4E6729-0490-4AD5-AF33-BDAE3FBC76AE}
	EndGlobalSection
EndGlobal
